
Microsoft Visual Studio Solution File, Format Version 12.00
# Visual Studio 15
VisualStudioVersion = 15.0.28307.757
MinimumVisualStudioVersion = 10.0.40219.1
Project("{FAE04EC0-301F-11D3-BF4B-00C04F79EFBC}") = "Senai.M_Roman.WebApi", "Senai.M_Roman.WebApi\Senai.M_Roman.WebApi.csproj", "{7A08B0D1-CC5B-41FC-9A3E-B08FD0408780}"
EndProject
Global
	GlobalSection(SolutionConfigurationPlatforms) = preSolution
		Debug|Any CPU = Debug|Any CPU
		Release|Any CPU = Release|Any CPU
	EndGlobalSection
	GlobalSection(ProjectConfigurationPlatforms) = postSolution
		{7A08B0D1-CC5B-41FC-9A3E-B08FD0408780}.Debug|Any CPU.ActiveCfg = Debug|Any CPU
		{7A08B0D1-CC5B-41FC-9A3E-B08FD0408780}.Debug|Any CPU.Build.0 = Debug|Any CPU
		{7A08B0D1-CC5B-41FC-9A3E-B08FD0408780}.Release|Any CPU.ActiveCfg = Release|Any CPU
		{7A08B0D1-CC5B-41FC-9A3E-B08FD0408780}.Release|Any CPU.Build.0 = Release|Any CPU
	EndGlobalSection
	GlobalSection(SolutionProperties) = preSolution
		HideSolutionNode = FALSE
	EndGlobalSection
	GlobalSection(ExtensibilityGlobals) = postSolution
		SolutionGuid = {50375624-AED8-468A-8E93-99440C2A01E1}
	EndGlobalSection
EndGlobal
